
Microsoft Visual Studio Solution File, Format Version 11.00
# Visual Studio 2010
Project("{FAE04EC0-301F-11D3-BF4B-00C04F79EFBC}") = "Campaign", "Campaign\Campaign.csproj", "{B822ED47-038A-4E04-8BA8-5742C69ADF6E}"
EndProject
Project("{FAE04EC0-301F-11D3-BF4B-00C04F79EFBC}") = "UI", "UI\UI.csproj", "{5EFB2579-EA16-49B7-94FC-430735B35DF9}"
EndProject
Project("{FAE04EC0-301F-11D3-BF4B-00C04F79EFBC}") = "Main", "Main\Main.csproj", "{677E28F2-2DC8-408F-A017-D6714634F189}"
EndProject
Project("{FAE04EC0-301F-11D3-BF4B-00C04F79EFBC}") = "Graphics", "Graphics\Graphics.csproj", "{C3E4D4BD-C1F5-447A-A87E-EABF2974D246}"
EndProject
Project("{FAE04EC0-301F-11D3-BF4B-00C04F79EFBC}") = "FalcLib", "FalcLib\FalcLib.csproj", "{12899D19-7F1A-49FE-82E2-3535B3CED5C3}"
EndProject
Project("{FAE04EC0-301F-11D3-BF4B-00C04F79EFBC}") = "OpenTk", "OpenTk\OpenTk.csproj", "{68BB1235-DE46-4CDE-BFC6-3A74E03A6C37}"
EndProject
Global
	GlobalSection(SolutionConfigurationPlatforms) = preSolution
		Debug|Any CPU = Debug|Any CPU
		Release|Any CPU = Release|Any CPU
	EndGlobalSection
	GlobalSection(ProjectConfigurationPlatforms) = postSolution
		{12899D19-7F1A-49FE-82E2-3535B3CED5C3}.Debug|Any CPU.ActiveCfg = Debug|Any CPU
		{12899D19-7F1A-49FE-82E2-3535B3CED5C3}.Debug|Any CPU.Build.0 = Debug|Any CPU
		{12899D19-7F1A-49FE-82E2-3535B3CED5C3}.Release|Any CPU.ActiveCfg = Release|Any CPU
		{12899D19-7F1A-49FE-82E2-3535B3CED5C3}.Release|Any CPU.Build.0 = Release|Any CPU
		{5EFB2579-EA16-49B7-94FC-430735B35DF9}.Debug|Any CPU.ActiveCfg = Debug|Any CPU
		{5EFB2579-EA16-49B7-94FC-430735B35DF9}.Debug|Any CPU.Build.0 = Debug|Any CPU
		{5EFB2579-EA16-49B7-94FC-430735B35DF9}.Release|Any CPU.ActiveCfg = Release|Any CPU
		{5EFB2579-EA16-49B7-94FC-430735B35DF9}.Release|Any CPU.Build.0 = Release|Any CPU
		{677E28F2-2DC8-408F-A017-D6714634F189}.Debug|Any CPU.ActiveCfg = Debug|Any CPU
		{677E28F2-2DC8-408F-A017-D6714634F189}.Debug|Any CPU.Build.0 = Debug|Any CPU
		{677E28F2-2DC8-408F-A017-D6714634F189}.Release|Any CPU.ActiveCfg = Release|Any CPU
		{677E28F2-2DC8-408F-A017-D6714634F189}.Release|Any CPU.Build.0 = Release|Any CPU
		{68BB1235-DE46-4CDE-BFC6-3A74E03A6C37}.Debug|Any CPU.ActiveCfg = Debug|Any CPU
		{68BB1235-DE46-4CDE-BFC6-3A74E03A6C37}.Debug|Any CPU.Build.0 = Debug|Any CPU
		{68BB1235-DE46-4CDE-BFC6-3A74E03A6C37}.Release|Any CPU.ActiveCfg = Release|Any CPU
		{68BB1235-DE46-4CDE-BFC6-3A74E03A6C37}.Release|Any CPU.Build.0 = Release|Any CPU
		{B822ED47-038A-4E04-8BA8-5742C69ADF6E}.Debug|Any CPU.ActiveCfg = Debug|Any CPU
		{B822ED47-038A-4E04-8BA8-5742C69ADF6E}.Debug|Any CPU.Build.0 = Debug|Any CPU
		{B822ED47-038A-4E04-8BA8-5742C69ADF6E}.Release|Any CPU.ActiveCfg = Release|Any CPU
		{B822ED47-038A-4E04-8BA8-5742C69ADF6E}.Release|Any CPU.Build.0 = Release|Any CPU
		{C3E4D4BD-C1F5-447A-A87E-EABF2974D246}.Debug|Any CPU.ActiveCfg = Debug|Any CPU
		{C3E4D4BD-C1F5-447A-A87E-EABF2974D246}.Debug|Any CPU.Build.0 = Debug|Any CPU
		{C3E4D4BD-C1F5-447A-A87E-EABF2974D246}.Release|Any CPU.ActiveCfg = Release|Any CPU
		{C3E4D4BD-C1F5-447A-A87E-EABF2974D246}.Release|Any CPU.Build.0 = Release|Any CPU
	EndGlobalSection
	GlobalSection(MonoDevelopProperties) = preSolution
		StartupItem = OpenTk\OpenTk.csproj
	EndGlobalSection
EndGlobal
